
Microsoft Visual Studio Solution File, Format Version 12.00
# Visual Studio Version 17
VisualStudioVersion = 17.14.36119.2 d17.14
MinimumVisualStudioVersion = 10.0.40219.1
Project("{FAE04EC0-301F-11D3-BF4B-00C04F79EFBC}") = "SelectionSort", "SelectionSort.csproj", "{D272CA1C-09BB-4F2B-83E0-2DCE3C2BA20C}"
EndProject
Global
	GlobalSection(SolutionConfigurationPlatforms) = preSolution
		Debug|Any CPU = Debug|Any CPU
		Release|Any CPU = Release|Any CPU
	EndGlobalSection
	GlobalSection(ProjectConfigurationPlatforms) = postSolution
		{D272CA1C-09BB-4F2B-83E0-2DCE3C2BA20C}.Debug|Any CPU.ActiveCfg = Debug|Any CPU
		{D272CA1C-09BB-4F2B-83E0-2DCE3C2BA20C}.Debug|Any CPU.Build.0 = Debug|Any CPU
		{D272CA1C-09BB-4F2B-83E0-2DCE3C2BA20C}.Release|Any CPU.ActiveCfg = Release|Any CPU
		{D272CA1C-09BB-4F2B-83E0-2DCE3C2BA20C}.Release|Any CPU.Build.0 = Release|Any CPU
	EndGlobalSection
	GlobalSection(SolutionProperties) = preSolution
		HideSolutionNode = FALSE
	EndGlobalSection
	GlobalSection(ExtensibilityGlobals) = postSolution
		SolutionGuid = {4AA42319-9174-43FA-8E8E-119D4DBB31E1}
	EndGlobalSection
EndGlobal
